
Microsoft Visual Studio Solution File, Format Version 12.00
Project("{FAE04EC0-301F-11D3-BF4B-00C04F79EFBC}") = "Cascade.Example.BuildContext", ".\Cascade.Example.BuildContext\Cascade.Example.BuildContext.csproj", "{FE88BB5A-7E0C-47A3-B464-93250991223E}"
EndProject
Project("{FAE04EC0-301F-11D3-BF4B-00C04F79EFBC}") = "Cascade.Example.Api", ".\Cascade.Example.Api\Cascade.Example.Api.csproj", "{D2DC30BD-CB82-4A20-BFE6-1F38C72F76A7}"
EndProject
Global
	GlobalSection(SolutionConfigurationPlatforms) = preSolution
		Debug|Any CPU = Debug|Any CPU
		Release|Any CPU = Release|Any CPU
	EndGlobalSection
	GlobalSection(ProjectConfigurationPlatforms) = postSolution
		{FE88BB5A-7E0C-47A3-B464-93250991223E}.Debug|Any CPU.ActiveCfg = Debug|Any CPU
		{FE88BB5A-7E0C-47A3-B464-93250991223E}.Debug|Any CPU.Build.0 = Debug|Any CPU
		{FE88BB5A-7E0C-47A3-B464-93250991223E}.Release|Any CPU.ActiveCfg = Release|Any CPU
		{FE88BB5A-7E0C-47A3-B464-93250991223E}.Release|Any CPU.Build.0 = Release|Any CPU
		{D2DC30BD-CB82-4A20-BFE6-1F38C72F76A7}.Debug|Any CPU.ActiveCfg = Debug|Any CPU
		{D2DC30BD-CB82-4A20-BFE6-1F38C72F76A7}.Debug|Any CPU.Build.0 = Debug|Any CPU
		{D2DC30BD-CB82-4A20-BFE6-1F38C72F76A7}.Release|Any CPU.ActiveCfg = Release|Any CPU
		{D2DC30BD-CB82-4A20-BFE6-1F38C72F76A7}.Release|Any CPU.Build.0 = Release|Any CPU
	EndGlobalSection
EndGlobal
