
Microsoft Visual Studio Solution File, Format Version 12.00
Project("{FAE04EC0-301F-11D3-BF4B-00C04F79EFBC}") = "Cascade.Example.BuildContext", ".\Cascade.Example.BuildContext\Cascade.Example.BuildContext.csproj", "{FE88BB5A-7E0C-47A3-B464-93250991223E}"
EndProject
Project("{FAE04EC0-301F-11D3-BF4B-00C04F79EFBC}") = "Cascade.Example.Api", ".\Cascade.Example.Api\Cascade.Example.Api.csproj", "{D2DC30BD-CB82-4A20-BFE6-1F38C72F76A7}"
EndProject
Project("{FAE04EC0-301F-11D3-BF4B-00C04F79EFBC}") = "Cascade.Example.BuildContext.Schema", "Cascade.Example.BuildContext.Schema\Cascade.Example.BuildContext.Schema.csproj", "{8920ECBB-0F81-4766-968F-2E61AB1DE1C2}"
EndProject
Project("{FAE04EC0-301F-11D3-BF4B-00C04F79EFBC}") = "Cascade.Example.UnitTests", "..\tests\Cascade.Example.UnitTests\Cascade.Example.UnitTests.csproj", "{4DDA8662-2409-4841-BA12-7256EFF61A7C}"
EndProject
Project("{FAE04EC0-301F-11D3-BF4B-00C04F79EFBC}") = "Cascade.Example.IntegrationTests", "..\tests\Cascade.Example.IntegrationTests\Cascade.Example.IntegrationTests.csproj", "{0E3FF2BF-4747-42D9-A6BC-97531C0D13D2}"
EndProject
Global
	GlobalSection(SolutionConfigurationPlatforms) = preSolution
		Debug|Any CPU = Debug|Any CPU
		Debug|x64 = Debug|x64
		Debug|x86 = Debug|x86
		Release|Any CPU = Release|Any CPU
		Release|x64 = Release|x64
		Release|x86 = Release|x86
	EndGlobalSection
	GlobalSection(ProjectConfigurationPlatforms) = postSolution
		{FE88BB5A-7E0C-47A3-B464-93250991223E}.Debug|Any CPU.ActiveCfg = Debug|Any CPU
		{FE88BB5A-7E0C-47A3-B464-93250991223E}.Debug|Any CPU.Build.0 = Debug|Any CPU
		{FE88BB5A-7E0C-47A3-B464-93250991223E}.Debug|x64.ActiveCfg = Debug|Any CPU
		{FE88BB5A-7E0C-47A3-B464-93250991223E}.Debug|x64.Build.0 = Debug|Any CPU
		{FE88BB5A-7E0C-47A3-B464-93250991223E}.Debug|x86.ActiveCfg = Debug|Any CPU
		{FE88BB5A-7E0C-47A3-B464-93250991223E}.Debug|x86.Build.0 = Debug|Any CPU
		{FE88BB5A-7E0C-47A3-B464-93250991223E}.Release|Any CPU.ActiveCfg = Release|Any CPU
		{FE88BB5A-7E0C-47A3-B464-93250991223E}.Release|Any CPU.Build.0 = Release|Any CPU
		{FE88BB5A-7E0C-47A3-B464-93250991223E}.Release|x64.ActiveCfg = Release|Any CPU
		{FE88BB5A-7E0C-47A3-B464-93250991223E}.Release|x64.Build.0 = Release|Any CPU
		{FE88BB5A-7E0C-47A3-B464-93250991223E}.Release|x86.ActiveCfg = Release|Any CPU
		{FE88BB5A-7E0C-47A3-B464-93250991223E}.Release|x86.Build.0 = Release|Any CPU
		{D2DC30BD-CB82-4A20-BFE6-1F38C72F76A7}.Debug|Any CPU.ActiveCfg = Debug|Any CPU
		{D2DC30BD-CB82-4A20-BFE6-1F38C72F76A7}.Debug|Any CPU.Build.0 = Debug|Any CPU
		{D2DC30BD-CB82-4A20-BFE6-1F38C72F76A7}.Debug|x64.ActiveCfg = Debug|Any CPU
		{D2DC30BD-CB82-4A20-BFE6-1F38C72F76A7}.Debug|x64.Build.0 = Debug|Any CPU
		{D2DC30BD-CB82-4A20-BFE6-1F38C72F76A7}.Debug|x86.ActiveCfg = Debug|Any CPU
		{D2DC30BD-CB82-4A20-BFE6-1F38C72F76A7}.Debug|x86.Build.0 = Debug|Any CPU
		{D2DC30BD-CB82-4A20-BFE6-1F38C72F76A7}.Release|Any CPU.ActiveCfg = Release|Any CPU
		{D2DC30BD-CB82-4A20-BFE6-1F38C72F76A7}.Release|Any CPU.Build.0 = Release|Any CPU
		{D2DC30BD-CB82-4A20-BFE6-1F38C72F76A7}.Release|x64.ActiveCfg = Release|Any CPU
		{D2DC30BD-CB82-4A20-BFE6-1F38C72F76A7}.Release|x64.Build.0 = Release|Any CPU
		{D2DC30BD-CB82-4A20-BFE6-1F38C72F76A7}.Release|x86.ActiveCfg = Release|Any CPU
		{D2DC30BD-CB82-4A20-BFE6-1F38C72F76A7}.Release|x86.Build.0 = Release|Any CPU
		{8920ECBB-0F81-4766-968F-2E61AB1DE1C2}.Debug|Any CPU.ActiveCfg = Debug|Any CPU
		{8920ECBB-0F81-4766-968F-2E61AB1DE1C2}.Debug|Any CPU.Build.0 = Debug|Any CPU
		{8920ECBB-0F81-4766-968F-2E61AB1DE1C2}.Debug|x64.ActiveCfg = Debug|Any CPU
		{8920ECBB-0F81-4766-968F-2E61AB1DE1C2}.Debug|x64.Build.0 = Debug|Any CPU
		{8920ECBB-0F81-4766-968F-2E61AB1DE1C2}.Debug|x86.ActiveCfg = Debug|Any CPU
		{8920ECBB-0F81-4766-968F-2E61AB1DE1C2}.Debug|x86.Build.0 = Debug|Any CPU
		{8920ECBB-0F81-4766-968F-2E61AB1DE1C2}.Release|Any CPU.ActiveCfg = Release|Any CPU
		{8920ECBB-0F81-4766-968F-2E61AB1DE1C2}.Release|Any CPU.Build.0 = Release|Any CPU
		{8920ECBB-0F81-4766-968F-2E61AB1DE1C2}.Release|x64.ActiveCfg = Release|Any CPU
		{8920ECBB-0F81-4766-968F-2E61AB1DE1C2}.Release|x64.Build.0 = Release|Any CPU
		{8920ECBB-0F81-4766-968F-2E61AB1DE1C2}.Release|x86.ActiveCfg = Release|Any CPU
		{8920ECBB-0F81-4766-968F-2E61AB1DE1C2}.Release|x86.Build.0 = Release|Any CPU
		{4DDA8662-2409-4841-BA12-7256EFF61A7C}.Debug|Any CPU.ActiveCfg = Debug|Any CPU
		{4DDA8662-2409-4841-BA12-7256EFF61A7C}.Debug|Any CPU.Build.0 = Debug|Any CPU
		{4DDA8662-2409-4841-BA12-7256EFF61A7C}.Debug|x64.ActiveCfg = Debug|Any CPU
		{4DDA8662-2409-4841-BA12-7256EFF61A7C}.Debug|x64.Build.0 = Debug|Any CPU
		{4DDA8662-2409-4841-BA12-7256EFF61A7C}.Debug|x86.ActiveCfg = Debug|Any CPU
		{4DDA8662-2409-4841-BA12-7256EFF61A7C}.Debug|x86.Build.0 = Debug|Any CPU
		{4DDA8662-2409-4841-BA12-7256EFF61A7C}.Release|Any CPU.ActiveCfg = Release|Any CPU
		{4DDA8662-2409-4841-BA12-7256EFF61A7C}.Release|Any CPU.Build.0 = Release|Any CPU
		{4DDA8662-2409-4841-BA12-7256EFF61A7C}.Release|x64.ActiveCfg = Release|Any CPU
		{4DDA8662-2409-4841-BA12-7256EFF61A7C}.Release|x64.Build.0 = Release|Any CPU
		{4DDA8662-2409-4841-BA12-7256EFF61A7C}.Release|x86.ActiveCfg = Release|Any CPU
		{4DDA8662-2409-4841-BA12-7256EFF61A7C}.Release|x86.Build.0 = Release|Any CPU
		{0E3FF2BF-4747-42D9-A6BC-97531C0D13D2}.Debug|Any CPU.ActiveCfg = Debug|Any CPU
		{0E3FF2BF-4747-42D9-A6BC-97531C0D13D2}.Debug|Any CPU.Build.0 = Debug|Any CPU
		{0E3FF2BF-4747-42D9-A6BC-97531C0D13D2}.Debug|x64.ActiveCfg = Debug|Any CPU
		{0E3FF2BF-4747-42D9-A6BC-97531C0D13D2}.Debug|x64.Build.0 = Debug|Any CPU
		{0E3FF2BF-4747-42D9-A6BC-97531C0D13D2}.Debug|x86.ActiveCfg = Debug|Any CPU
		{0E3FF2BF-4747-42D9-A6BC-97531C0D13D2}.Debug|x86.Build.0 = Debug|Any CPU
		{0E3FF2BF-4747-42D9-A6BC-97531C0D13D2}.Release|Any CPU.ActiveCfg = Release|Any CPU
		{0E3FF2BF-4747-42D9-A6BC-97531C0D13D2}.Release|Any CPU.Build.0 = Release|Any CPU
		{0E3FF2BF-4747-42D9-A6BC-97531C0D13D2}.Release|x64.ActiveCfg = Release|Any CPU
		{0E3FF2BF-4747-42D9-A6BC-97531C0D13D2}.Release|x64.Build.0 = Release|Any CPU
		{0E3FF2BF-4747-42D9-A6BC-97531C0D13D2}.Release|x86.ActiveCfg = Release|Any CPU
		{0E3FF2BF-4747-42D9-A6BC-97531C0D13D2}.Release|x86.Build.0 = Release|Any CPU
	EndGlobalSection
	GlobalSection(SolutionProperties) = preSolution
		HideSolutionNode = FALSE
	EndGlobalSection
EndGlobal
